
Microsoft Visual Studio Solution File, Format Version 12.00
# Visual Studio Version 16
VisualStudioVersion = 16.0.31005.135
MinimumVisualStudioVersion = 10.0.40219.1
Project("{FAE04EC0-301F-11D3-BF4B-00C04F79EFBC}") = "Moop_LR9", "Moop_LR9\Moop_LR9.csproj", "{CBA8A2C7-DDDE-4DC8-A876-F0A99803A97F}"
EndProject
Project("{FAE04EC0-301F-11D3-BF4B-00C04F79EFBC}") = "Composite_Test", "Composite_Test\Composite_Test.csproj", "{DCFC2B30-C4C1-4785-8037-172B6FAF0BB1}"
EndProject
Global
	GlobalSection(SolutionConfigurationPlatforms) = preSolution
		Debug|Any CPU = Debug|Any CPU
		Release|Any CPU = Release|Any CPU
	EndGlobalSection
	GlobalSection(ProjectConfigurationPlatforms) = postSolution
		{CBA8A2C7-DDDE-4DC8-A876-F0A99803A97F}.Debug|Any CPU.ActiveCfg = Debug|Any CPU
		{CBA8A2C7-DDDE-4DC8-A876-F0A99803A97F}.Debug|Any CPU.Build.0 = Debug|Any CPU
		{CBA8A2C7-DDDE-4DC8-A876-F0A99803A97F}.Release|Any CPU.ActiveCfg = Release|Any CPU
		{CBA8A2C7-DDDE-4DC8-A876-F0A99803A97F}.Release|Any CPU.Build.0 = Release|Any CPU
		{DCFC2B30-C4C1-4785-8037-172B6FAF0BB1}.Debug|Any CPU.ActiveCfg = Debug|Any CPU
		{DCFC2B30-C4C1-4785-8037-172B6FAF0BB1}.Debug|Any CPU.Build.0 = Debug|Any CPU
		{DCFC2B30-C4C1-4785-8037-172B6FAF0BB1}.Release|Any CPU.ActiveCfg = Release|Any CPU
		{DCFC2B30-C4C1-4785-8037-172B6FAF0BB1}.Release|Any CPU.Build.0 = Release|Any CPU
	EndGlobalSection
	GlobalSection(SolutionProperties) = preSolution
		HideSolutionNode = FALSE
	EndGlobalSection
	GlobalSection(ExtensibilityGlobals) = postSolution
		SolutionGuid = {FA6A9DFC-693C-4E90-800B-B3DF9D3E620F}
	EndGlobalSection
EndGlobal
